
Microsoft Visual Studio Solution File, Format Version 12.00
# Visual Studio Version 17
VisualStudioVersion = 17.0.31903.59
MinimumVisualStudioVersion = 10.0.40219.1
Project("{2150E333-8FDC-42A3-9474-1A3956D46DE8}") = "src", "src", "{665D09D2-5D7D-49A6-8D75-D70446CC84FA}"
EndProject
Project("{FAE04EC0-301F-11D3-BF4B-00C04F79EFBC}") = "Emc.Domain", "src\Emc.Domain\Emc.Domain.csproj", "{2A16445E-900F-43F4-BD64-B41793000C59}"
EndProject
Project("{FAE04EC0-301F-11D3-BF4B-00C04F79EFBC}") = "Emc.Application", "src\Emc.Application\Emc.Application.csproj", "{71D7FB05-AC76-4F96-A9F8-E6BB7EF68184}"
EndProject
Project("{FAE04EC0-301F-11D3-BF4B-00C04F79EFBC}") = "Emc.Infrastructure", "src\Emc.Infrastructure\Emc.Infrastructure.csproj", "{8C7E6D5B-19BD-45E8-AA27-13C558023917}"
EndProject
Project("{FAE04EC0-301F-11D3-BF4B-00C04F79EFBC}") = "Emc.Web", "src\Emc.Web\Emc.Web.csproj", "{168DF481-5C30-478B-BD02-A66E0B541865}"
EndProject
Project("{2150E333-8FDC-42A3-9474-1A3956D46DE8}") = "tests", "tests", "{8EC13331-4ED5-44A6-9227-0CDF1C893F2F}"
EndProject
Project("{FAE04EC0-301F-11D3-BF4B-00C04F79EFBC}") = "Emc.Domain.Tests", "tests\Emc.Domain.Tests\Emc.Domain.Tests.csproj", "{82467854-65C5-4017-A6DB-CB13110698DF}"
EndProject
Project("{FAE04EC0-301F-11D3-BF4B-00C04F79EFBC}") = "Emc.Application.Tests", "tests\Emc.Application.Tests\Emc.Application.Tests.csproj", "{5A4A028E-502B-41DA-B2F0-DE43A22CBE7E}"
EndProject
Project("{FAE04EC0-301F-11D3-BF4B-00C04F79EFBC}") = "Emc.OcrWorker", "src\Emc.OcrWorker\Emc.OcrWorker.csproj", "{FF2A7936-0987-4F59-B28A-99F91CC9BE45}"
EndProject
Global
	GlobalSection(SolutionConfigurationPlatforms) = preSolution
		Debug|Any CPU = Debug|Any CPU
		Debug|x64 = Debug|x64
		Debug|x86 = Debug|x86
		Release|Any CPU = Release|Any CPU
		Release|x64 = Release|x64
		Release|x86 = Release|x86
	EndGlobalSection
	GlobalSection(ProjectConfigurationPlatforms) = postSolution
		{2A16445E-900F-43F4-BD64-B41793000C59}.Debug|Any CPU.ActiveCfg = Debug|Any CPU
		{2A16445E-900F-43F4-BD64-B41793000C59}.Debug|Any CPU.Build.0 = Debug|Any CPU
		{2A16445E-900F-43F4-BD64-B41793000C59}.Debug|x64.ActiveCfg = Debug|Any CPU
		{2A16445E-900F-43F4-BD64-B41793000C59}.Debug|x64.Build.0 = Debug|Any CPU
		{2A16445E-900F-43F4-BD64-B41793000C59}.Debug|x86.ActiveCfg = Debug|Any CPU
		{2A16445E-900F-43F4-BD64-B41793000C59}.Debug|x86.Build.0 = Debug|Any CPU
		{2A16445E-900F-43F4-BD64-B41793000C59}.Release|Any CPU.ActiveCfg = Release|Any CPU
		{2A16445E-900F-43F4-BD64-B41793000C59}.Release|Any CPU.Build.0 = Release|Any CPU
		{2A16445E-900F-43F4-BD64-B41793000C59}.Release|x64.ActiveCfg = Release|Any CPU
		{2A16445E-900F-43F4-BD64-B41793000C59}.Release|x64.Build.0 = Release|Any CPU
		{2A16445E-900F-43F4-BD64-B41793000C59}.Release|x86.ActiveCfg = Release|Any CPU
		{2A16445E-900F-43F4-BD64-B41793000C59}.Release|x86.Build.0 = Release|Any CPU
		{71D7FB05-AC76-4F96-A9F8-E6BB7EF68184}.Debug|Any CPU.ActiveCfg = Debug|Any CPU
		{71D7FB05-AC76-4F96-A9F8-E6BB7EF68184}.Debug|Any CPU.Build.0 = Debug|Any CPU
		{71D7FB05-AC76-4F96-A9F8-E6BB7EF68184}.Debug|x64.ActiveCfg = Debug|Any CPU
		{71D7FB05-AC76-4F96-A9F8-E6BB7EF68184}.Debug|x64.Build.0 = Debug|Any CPU
		{71D7FB05-AC76-4F96-A9F8-E6BB7EF68184}.Debug|x86.ActiveCfg = Debug|Any CPU
		{71D7FB05-AC76-4F96-A9F8-E6BB7EF68184}.Debug|x86.Build.0 = Debug|Any CPU
		{71D7FB05-AC76-4F96-A9F8-E6BB7EF68184}.Release|Any CPU.ActiveCfg = Release|Any CPU
		{71D7FB05-AC76-4F96-A9F8-E6BB7EF68184}.Release|Any CPU.Build.0 = Release|Any CPU
		{71D7FB05-AC76-4F96-A9F8-E6BB7EF68184}.Release|x64.ActiveCfg = Release|Any CPU
		{71D7FB05-AC76-4F96-A9F8-E6BB7EF68184}.Release|x64.Build.0 = Release|Any CPU
		{71D7FB05-AC76-4F96-A9F8-E6BB7EF68184}.Release|x86.ActiveCfg = Release|Any CPU
		{71D7FB05-AC76-4F96-A9F8-E6BB7EF68184}.Release|x86.Build.0 = Release|Any CPU
		{8C7E6D5B-19BD-45E8-AA27-13C558023917}.Debug|Any CPU.ActiveCfg = Debug|Any CPU
		{8C7E6D5B-19BD-45E8-AA27-13C558023917}.Debug|Any CPU.Build.0 = Debug|Any CPU
		{8C7E6D5B-19BD-45E8-AA27-13C558023917}.Debug|x64.ActiveCfg = Debug|Any CPU
		{8C7E6D5B-19BD-45E8-AA27-13C558023917}.Debug|x64.Build.0 = Debug|Any CPU
		{8C7E6D5B-19BD-45E8-AA27-13C558023917}.Debug|x86.ActiveCfg = Debug|Any CPU
		{8C7E6D5B-19BD-45E8-AA27-13C558023917}.Debug|x86.Build.0 = Debug|Any CPU
		{8C7E6D5B-19BD-45E8-AA27-13C558023917}.Release|Any CPU.ActiveCfg = Release|Any CPU
		{8C7E6D5B-19BD-45E8-AA27-13C558023917}.Release|Any CPU.Build.0 = Release|Any CPU
		{8C7E6D5B-19BD-45E8-AA27-13C558023917}.Release|x64.ActiveCfg = Release|Any CPU
		{8C7E6D5B-19BD-45E8-AA27-13C558023917}.Release|x64.Build.0 = Release|Any CPU
		{8C7E6D5B-19BD-45E8-AA27-13C558023917}.Release|x86.ActiveCfg = Release|Any CPU
		{8C7E6D5B-19BD-45E8-AA27-13C558023917}.Release|x86.Build.0 = Release|Any CPU
		{168DF481-5C30-478B-BD02-A66E0B541865}.Debug|Any CPU.ActiveCfg = Debug|Any CPU
		{168DF481-5C30-478B-BD02-A66E0B541865}.Debug|Any CPU.Build.0 = Debug|Any CPU
		{168DF481-5C30-478B-BD02-A66E0B541865}.Debug|x64.ActiveCfg = Debug|Any CPU
		{168DF481-5C30-478B-BD02-A66E0B541865}.Debug|x64.Build.0 = Debug|Any CPU
		{168DF481-5C30-478B-BD02-A66E0B541865}.Debug|x86.ActiveCfg = Debug|Any CPU
		{168DF481-5C30-478B-BD02-A66E0B541865}.Debug|x86.Build.0 = Debug|Any CPU
		{168DF481-5C30-478B-BD02-A66E0B541865}.Release|Any CPU.ActiveCfg = Release|Any CPU
		{168DF481-5C30-478B-BD02-A66E0B541865}.Release|Any CPU.Build.0 = Release|Any CPU
		{168DF481-5C30-478B-BD02-A66E0B541865}.Release|x64.ActiveCfg = Release|Any CPU
		{168DF481-5C30-478B-BD02-A66E0B541865}.Release|x64.Build.0 = Release|Any CPU
		{168DF481-5C30-478B-BD02-A66E0B541865}.Release|x86.ActiveCfg = Release|Any CPU
		{168DF481-5C30-478B-BD02-A66E0B541865}.Release|x86.Build.0 = Release|Any CPU
		{82467854-65C5-4017-A6DB-CB13110698DF}.Debug|Any CPU.ActiveCfg = Debug|Any CPU
		{82467854-65C5-4017-A6DB-CB13110698DF}.Debug|Any CPU.Build.0 = Debug|Any CPU
		{82467854-65C5-4017-A6DB-CB13110698DF}.Debug|x64.ActiveCfg = Debug|Any CPU
		{82467854-65C5-4017-A6DB-CB13110698DF}.Debug|x64.Build.0 = Debug|Any CPU
		{82467854-65C5-4017-A6DB-CB13110698DF}.Debug|x86.ActiveCfg = Debug|Any CPU
		{82467854-65C5-4017-A6DB-CB13110698DF}.Debug|x86.Build.0 = Debug|Any CPU
		{82467854-65C5-4017-A6DB-CB13110698DF}.Release|Any CPU.ActiveCfg = Release|Any CPU
		{82467854-65C5-4017-A6DB-CB13110698DF}.Release|Any CPU.Build.0 = Release|Any CPU
		{82467854-65C5-4017-A6DB-CB13110698DF}.Release|x64.ActiveCfg = Release|Any CPU
		{82467854-65C5-4017-A6DB-CB13110698DF}.Release|x64.Build.0 = Release|Any CPU
		{82467854-65C5-4017-A6DB-CB13110698DF}.Release|x86.ActiveCfg = Release|Any CPU
		{82467854-65C5-4017-A6DB-CB13110698DF}.Release|x86.Build.0 = Release|Any CPU
		{5A4A028E-502B-41DA-B2F0-DE43A22CBE7E}.Debug|Any CPU.ActiveCfg = Debug|Any CPU
		{5A4A028E-502B-41DA-B2F0-DE43A22CBE7E}.Debug|Any CPU.Build.0 = Debug|Any CPU
		{5A4A028E-502B-41DA-B2F0-DE43A22CBE7E}.Debug|x64.ActiveCfg = Debug|Any CPU
		{5A4A028E-502B-41DA-B2F0-DE43A22CBE7E}.Debug|x64.Build.0 = Debug|Any CPU
		{5A4A028E-502B-41DA-B2F0-DE43A22CBE7E}.Debug|x86.ActiveCfg = Debug|Any CPU
		{5A4A028E-502B-41DA-B2F0-DE43A22CBE7E}.Debug|x86.Build.0 = Debug|Any CPU
		{5A4A028E-502B-41DA-B2F0-DE43A22CBE7E}.Release|Any CPU.ActiveCfg = Release|Any CPU
		{5A4A028E-502B-41DA-B2F0-DE43A22CBE7E}.Release|Any CPU.Build.0 = Release|Any CPU
		{5A4A028E-502B-41DA-B2F0-DE43A22CBE7E}.Release|x64.ActiveCfg = Release|Any CPU
		{5A4A028E-502B-41DA-B2F0-DE43A22CBE7E}.Release|x64.Build.0 = Release|Any CPU
		{5A4A028E-502B-41DA-B2F0-DE43A22CBE7E}.Release|x86.ActiveCfg = Release|Any CPU
		{5A4A028E-502B-41DA-B2F0-DE43A22CBE7E}.Release|x86.Build.0 = Release|Any CPU
		{FF2A7936-0987-4F59-B28A-99F91CC9BE45}.Debug|Any CPU.ActiveCfg = Debug|Any CPU
		{FF2A7936-0987-4F59-B28A-99F91CC9BE45}.Debug|Any CPU.Build.0 = Debug|Any CPU
		{FF2A7936-0987-4F59-B28A-99F91CC9BE45}.Debug|x64.ActiveCfg = Debug|Any CPU
		{FF2A7936-0987-4F59-B28A-99F91CC9BE45}.Debug|x64.Build.0 = Debug|Any CPU
		{FF2A7936-0987-4F59-B28A-99F91CC9BE45}.Debug|x86.ActiveCfg = Debug|Any CPU
		{FF2A7936-0987-4F59-B28A-99F91CC9BE45}.Debug|x86.Build.0 = Debug|Any CPU
		{FF2A7936-0987-4F59-B28A-99F91CC9BE45}.Release|Any CPU.ActiveCfg = Release|Any CPU
		{FF2A7936-0987-4F59-B28A-99F91CC9BE45}.Release|Any CPU.Build.0 = Release|Any CPU
		{FF2A7936-0987-4F59-B28A-99F91CC9BE45}.Release|x64.ActiveCfg = Release|Any CPU
		{FF2A7936-0987-4F59-B28A-99F91CC9BE45}.Release|x64.Build.0 = Release|Any CPU
		{FF2A7936-0987-4F59-B28A-99F91CC9BE45}.Release|x86.ActiveCfg = Release|Any CPU
		{FF2A7936-0987-4F59-B28A-99F91CC9BE45}.Release|x86.Build.0 = Release|Any CPU
	EndGlobalSection
	GlobalSection(SolutionProperties) = preSolution
		HideSolutionNode = FALSE
	EndGlobalSection
	GlobalSection(NestedProjects) = preSolution
		{2A16445E-900F-43F4-BD64-B41793000C59} = {665D09D2-5D7D-49A6-8D75-D70446CC84FA}
		{71D7FB05-AC76-4F96-A9F8-E6BB7EF68184} = {665D09D2-5D7D-49A6-8D75-D70446CC84FA}
		{8C7E6D5B-19BD-45E8-AA27-13C558023917} = {665D09D2-5D7D-49A6-8D75-D70446CC84FA}
		{168DF481-5C30-478B-BD02-A66E0B541865} = {665D09D2-5D7D-49A6-8D75-D70446CC84FA}
		{82467854-65C5-4017-A6DB-CB13110698DF} = {8EC13331-4ED5-44A6-9227-0CDF1C893F2F}
		{5A4A028E-502B-41DA-B2F0-DE43A22CBE7E} = {8EC13331-4ED5-44A6-9227-0CDF1C893F2F}
		{FF2A7936-0987-4F59-B28A-99F91CC9BE45} = {665D09D2-5D7D-49A6-8D75-D70446CC84FA}
	EndGlobalSection
EndGlobal
